
Microsoft Visual Studio Solution File, Format Version 12.00
# Visual Studio Version 17
VisualStudioVersion = 17.11.35327.3
MinimumVisualStudioVersion = 10.0.40219.1
Project("{FAE04EC0-301F-11D3-BF4B-00C04F79EFBC}") = "QuanLyCafe", "QuanLyCafe\QuanLyCafe.csproj", "{6E7C4779-CC68-49D6-830D-3DDB52120B19}"
EndProject
Global
	GlobalSection(SolutionConfigurationPlatforms) = preSolution
		Debug|Any CPU = Debug|Any CPU
		Release|Any CPU = Release|Any CPU
	EndGlobalSection
	GlobalSection(ProjectConfigurationPlatforms) = postSolution
		{6E7C4779-CC68-49D6-830D-3DDB52120B19}.Debug|Any CPU.ActiveCfg = Debug|Any CPU
		{6E7C4779-CC68-49D6-830D-3DDB52120B19}.Debug|Any CPU.Build.0 = Debug|Any CPU
		{6E7C4779-CC68-49D6-830D-3DDB52120B19}.Release|Any CPU.ActiveCfg = Release|Any CPU
		{6E7C4779-CC68-49D6-830D-3DDB52120B19}.Release|Any CPU.Build.0 = Release|Any CPU
	EndGlobalSection
	GlobalSection(SolutionProperties) = preSolution
		HideSolutionNode = FALSE
	EndGlobalSection
	GlobalSection(ExtensibilityGlobals) = postSolution
		SolutionGuid = {BCA6DD75-03A1-49B2-B802-9BB77BF80BD7}
	EndGlobalSection
EndGlobal
